{
  "name": "@nodestrap/tooltip",
  "version": "4.0.5",
  "lockfileVersion": 2,
  "requires": true,
  "packages": {
    "": {
      "name": "@nodestrap/tooltip",
      "version": "4.0.5",
      "license": "ISC",
      "dependencies": {
        "@cssfn/css-config": "^1.0.4",
        "@cssfn/cssfn": "^1.0.12",
        "@cssfn/react-cssfn": "^1.0.11",
        "@floating-ui/dom": "^0.3.1",
        "@nodestrap/basic": "^4.0.7",
        "@nodestrap/popup": "^4.0.8",
        "@nodestrap/typos": "^4.0.6",
        "@types/react": "^17.0.39",
        "react": "^17.0.2"
      }
    },
    "node_modules/@babel/runtime": {
      "version": "7.17.2",
      "resolved": "https://registry.npmjs.org/@babel/runtime/-/runtime-7.17.2.tgz",
      "integrity": "sha512-hzeyJyMA1YGdJTuWU0e/j4wKXrU4OMFvY2MSlaI9B7VQb0r5cxTE3EAIS2Q7Tn2RIcDkRvTA/v2JsAEhxe99uw==",
      "dependencies": {
        "regenerator-runtime": "^0.13.4"
      },
      "engines": {
        "node": ">=6.9.0"
      }
    },
    "node_modules/@cssfn/css-config": {
      "version": "1.0.4",
      "resolved": "https://registry.npmjs.org/@cssfn/css-config/-/css-config-1.0.4.tgz",
      "integrity": "sha512-seSZmWPt3QXLdlY5kIxiIPmAH8AgQVmlSOV15EFzR4XKiqbMK1CU3zFUDkBMa74XmN8U0Ag5EyvEzo2RhsBKzQ==",
      "dependencies": {
        "@cssfn/css-types": "^1.0.4",
        "@cssfn/cssfn": "^1.0.9",
        "@cssfn/types": "^1.0.4",
        "camel-case": "^4.1.2",
        "pascal-case": "^3.1.2"
      }
    },
    "node_modules/@cssfn/css-selector": {
      "version": "1.0.5",
      "resolved": "https://registry.npmjs.org/@cssfn/css-selector/-/css-selector-1.0.5.tgz",
      "integrity": "sha512-qoFw7xuHZyKgXMsCkPVoGwFjmRrWV3p3uUVE3J2y7/SIEPmPzTw5eVrOLKvBPI0A2GR8gGXSyVyWTa5iGGUHCA==",
      "dependencies": {
        "@cssfn/types": "^1.0.4"
      }
    },
    "node_modules/@cssfn/css-types": {
      "version": "1.0.4",
      "resolved": "https://registry.npmjs.org/@cssfn/css-types/-/css-types-1.0.4.tgz",
      "integrity": "sha512-AXmZ7ExutE77ldxGzmu3HtiPoMezZc263WLh9GZ9ON8b9q+Qag0118G1ZommPz/JrjegSuOXxkKzIP+JhdUV5w==",
      "dependencies": {
        "@cssfn/jss-plugin-extend": "^1.0.2",
        "@cssfn/types": "^1.0.4",
        "csstype": "^3.0.10"
      }
    },
    "node_modules/@cssfn/css-var": {
      "version": "1.0.4",
      "resolved": "https://registry.npmjs.org/@cssfn/css-var/-/css-var-1.0.4.tgz",
      "integrity": "sha512-I4YzE7yvIXcBU/gm0KIPeEZXdBcScQwDdU+hZ3Y+w6SvdxU7EEZeLH6rADCEzuxqd4JnkHVU0Y9LAyTMFoD+hQ==",
      "dependencies": {
        "@cssfn/css-types": "^1.0.4",
        "@cssfn/types": "^1.0.4"
      }
    },
    "node_modules/@cssfn/cssfn": {
      "version": "1.0.12",
      "resolved": "https://registry.npmjs.org/@cssfn/cssfn/-/cssfn-1.0.12.tgz",
      "integrity": "sha512-V7OSRnAJeWmudE3PsO86pl9Y9NsPUfwbOufIjCk9iBN+4oS0WwqTIhoMl4+KMbFbcnpCIWLjTPqAUnDzbPpQwQ==",
      "dependencies": {
        "@cssfn/css-selector": "^1.0.5",
        "@cssfn/css-types": "^1.0.4",
        "@cssfn/jss-plugin-camel-case": "^1.0.1",
        "@cssfn/jss-plugin-nested": "^1.0.2",
        "@cssfn/jss-plugin-short": "^1.0.3",
        "@cssfn/jss-plugin-vendor": "^1.0.1",
        "@cssfn/types": "^1.0.4",
        "camel-case": "^4.1.2",
        "csstype": "^3.0.10",
        "jss": "^10.9.0",
        "pascal-case": "^3.1.2",
        "tiny-warning": "^1.0.3"
      }
    },
    "node_modules/@cssfn/jss-plugin-camel-case": {
      "version": "1.0.1",
      "resolved": "https://registry.npmjs.org/@cssfn/jss-plugin-camel-case/-/jss-plugin-camel-case-1.0.1.tgz",
      "integrity": "sha512-qfOHgf7xmvOl4JJuoRV56d/n6crsJlC6Og+3AhJzm9TjM/81La7t/kEbDhTZFm4dMCUmmIQl7cbTzki59d87vw==",
      "dependencies": {
        "@types/hyphenate-style-name": "^1.0.0",
        "hyphenate-style-name": "^1.0.4",
        "jss": "^10.9.0"
      }
    },
    "node_modules/@cssfn/jss-plugin-extend": {
      "version": "1.0.2",
      "resolved": "https://registry.npmjs.org/@cssfn/jss-plugin-extend/-/jss-plugin-extend-1.0.2.tgz",
      "integrity": "sha512-3NQYB0DIuKne8MD8y7U/C6+UYW8gN3kyVVK8+RxEpgI+QY2P4MrF0OZ9h9ZNCu/O4gAH6kzRUqHvxpO+WqjvFA==",
      "dependencies": {
        "@cssfn/types": "^1.0.4",
        "jss": "^10.9.0",
        "tiny-warning": "^1.0.3"
      }
    },
    "node_modules/@cssfn/jss-plugin-nested": {
      "version": "1.0.2",
      "resolved": "https://registry.npmjs.org/@cssfn/jss-plugin-nested/-/jss-plugin-nested-1.0.2.tgz",
      "integrity": "sha512-ALhx0xZBz1qWqeMu+c2r+E5Np134FjoxmBUfITmskCiADGs7vrrJrk87nKU6pNY7+Qkx1mjtJuEjDFfpSDNCRA==",
      "dependencies": {
        "@cssfn/css-selector": "^1.0.4",
        "@cssfn/types": "^1.0.4",
        "jss": "^10.9.0"
      }
    },
    "node_modules/@cssfn/jss-plugin-short": {
      "version": "1.0.3",
      "resolved": "https://registry.npmjs.org/@cssfn/jss-plugin-short/-/jss-plugin-short-1.0.3.tgz",
      "integrity": "sha512-vRznFPqzJ6WdP+swWtO5h1KlFZQvlJosu2lOE7xorh9GmpiAgRgP6lDQbDao2/6C76lBpGT1GiHVzz08wscIlg==",
      "dependencies": {
        "jss": "^10.9.0"
      }
    },
    "node_modules/@cssfn/jss-plugin-vendor": {
      "version": "1.0.1",
      "resolved": "https://registry.npmjs.org/@cssfn/jss-plugin-vendor/-/jss-plugin-vendor-1.0.1.tgz",
      "integrity": "sha512-Xrk0M2fqDkEUvDiAx9DgSa/RTSiG3zzqTt3AI6lnqG+a+DKNcs360vQTo6i4NJR8ZHn0vM7vgTnMgktP1m1tNQ==",
      "dependencies": {
        "css-vendor": "^2.0.8",
        "jss": "^10.9.0"
      }
    },
    "node_modules/@cssfn/react-cssfn": {
      "version": "1.0.11",
      "resolved": "https://registry.npmjs.org/@cssfn/react-cssfn/-/react-cssfn-1.0.11.tgz",
      "integrity": "sha512-URdAWXuukF9Fx96ssOWsVgVVlQqvig9JcKDplWFnMkmCXJo8xCUdkBJO7qoI6vOXTXVRuhzyiVKVuNbHRX5PXQ==",
      "dependencies": {
        "@cssfn/cssfn": "^1.0.9",
        "@cssfn/types": "^1.0.4",
        "@types/react": "^17.0.38",
        "is-in-browser": "^2.0.0",
        "jss": "^10.9.0",
        "react": "^17.0.2"
      }
    },
    "node_modules/@cssfn/types": {
      "version": "1.0.4",
      "resolved": "https://registry.npmjs.org/@cssfn/types/-/types-1.0.4.tgz",
      "integrity": "sha512-OmzjloYEEbYJ4cfkpJ/P+5l4LHEq8hbb8Xwv58l60uigURkQxRAzgjZzBwuoOpq7wvKp4xfRGe+vs4WD66cd0Q=="
    },
    "node_modules/@floating-ui/core": {
      "version": "0.5.1",
      "resolved": "https://registry.npmjs.org/@floating-ui/core/-/core-0.5.1.tgz",
      "integrity": "sha512-LOFg65vdU4o4eZjVKNhu7VXbjdnY0amMw9sydLtKZiCNwj0eMD06rmktbWp9L/f6w6s9Qqe22lkks8PbwYwy4Q=="
    },
    "node_modules/@floating-ui/dom": {
      "version": "0.3.1",
      "resolved": "https://registry.npmjs.org/@floating-ui/dom/-/dom-0.3.1.tgz",
      "integrity": "sha512-HJX/2xgGPt01YHQNAya2taqg5HDnY6ipF0B0Bk/Th2s4FD9R89Ecw3TEegLLO+VrQnPEGbuHOGJ6Fr3BPM0DYg==",
      "dependencies": {
        "@floating-ui/core": "^0.5.0"
      }
    },
    "node_modules/@nodestrap/accessibilities": {
      "version": "4.0.4",
      "resolved": "https://registry.npmjs.org/@nodestrap/accessibilities/-/accessibilities-4.0.4.tgz",
      "integrity": "sha512-7pGv2Q79Ccx1fK+iLkOOmkdVERtVG7i1QtLa/PV/znyTXOtp6dQs2DJybeRMAYb1A+5/tUQGNCFas7dBvlbSmA==",
      "dependencies": {
        "@types/react": "^17.0.38",
        "react": "^17.0.2"
      }
    },
    "node_modules/@nodestrap/basic": {
      "version": "4.0.7",
      "resolved": "https://registry.npmjs.org/@nodestrap/basic/-/basic-4.0.7.tgz",
      "integrity": "sha512-mWaNUG/3ivdQ1wb1olLJ7m3/LLPTtaMvaBE7c2Xn2wr+x7PMoKml7Sm63STcQDoZ85P0Y7H2ewmO7yurxn1sTQ==",
      "dependencies": {
        "@cssfn/css-config": "^1.0.4",
        "@cssfn/css-types": "^1.0.4",
        "@cssfn/css-var": "^1.0.4",
        "@cssfn/cssfn": "^1.0.10",
        "@cssfn/react-cssfn": "^1.0.11",
        "@cssfn/types": "^1.0.4",
        "@nodestrap/borders": "^4.0.3",
        "@nodestrap/colors": "^4.0.4",
        "@nodestrap/element": "^4.0.7",
        "@nodestrap/spacers": "^4.0.2",
        "@nodestrap/typos": "^4.0.4",
        "@types/react": "^17.0.38",
        "react": "^17.0.2"
      }
    },
    "node_modules/@nodestrap/borders": {
      "version": "4.0.3",
      "resolved": "https://registry.npmjs.org/@nodestrap/borders/-/borders-4.0.3.tgz",
      "integrity": "sha512-mjKKiBIy9HwEkYp+6haishAFc1dnO5ipZWdcDF+jCJao7Abm/VZfBX2FKpNAnvZ0mYn5tRFG9pVaNQqR/7qEvw==",
      "dependencies": {
        "@cssfn/css-config": "^1.0.4",
        "@cssfn/css-types": "^1.0.4"
      }
    },
    "node_modules/@nodestrap/colors": {
      "version": "4.0.4",
      "resolved": "https://registry.npmjs.org/@nodestrap/colors/-/colors-4.0.4.tgz",
      "integrity": "sha512-lSRJyc+iCBKHTP8rBtM1H5Zv+g9FbretC0F180evpnQkkE1a5ykvFxVPbp/N3RwNE8ViRVtto/Ko35kF37KVUw==",
      "dependencies": {
        "@cssfn/css-config": "^1.0.4",
        "@cssfn/css-types": "^1.0.4",
        "@cssfn/types": "^1.0.4",
        "@types/color": "^3.0.2",
        "color": "^4.2.0"
      }
    },
    "node_modules/@nodestrap/element": {
      "version": "4.0.7",
      "resolved": "https://registry.npmjs.org/@nodestrap/element/-/element-4.0.7.tgz",
      "integrity": "sha512-jGSRJ+4kZ8J+gBedG/FGfZnyoDnCjAFE0iQv9DOHPfpg12oRK7R1mlGQ4BmlJKQGhtt47+1i+903srnNvSOxCA==",
      "dependencies": {
        "@cssfn/types": "^1.0.4",
        "@nodestrap/utilities": "^4.0.3",
        "@types/react": "^17.0.38",
        "react": "^17.0.2"
      }
    },
    "node_modules/@nodestrap/hooks": {
      "version": "4.0.1",
      "resolved": "https://registry.npmjs.org/@nodestrap/hooks/-/hooks-4.0.1.tgz",
      "integrity": "sha512-zzj0RXs6Ximnib2DfhNdg8+JYCCmFUIvUbnvRcyX2iG6FjQRLf0nCGcLkp6IRbWeK3xgQivxNexpVfwd1dBOkQ==",
      "dependencies": {
        "@types/react": "^17.0.38",
        "is-in-browser": "^2.0.0",
        "react": "^17.0.2"
      }
    },
    "node_modules/@nodestrap/indicator": {
      "version": "4.0.7",
      "resolved": "https://registry.npmjs.org/@nodestrap/indicator/-/indicator-4.0.7.tgz",
      "integrity": "sha512-AJLFQU2HV8wc5MQJJOkaDlH5faZpUu6Pz1ZqjKPzUywds+zwfm8Fay7OM25m8uan2Vu1AvBxjelWs8c7A+gwhQ==",
      "dependencies": {
        "@cssfn/css-config": "^1.0.4",
        "@cssfn/css-types": "^1.0.4",
        "@cssfn/css-var": "^1.0.4",
        "@cssfn/cssfn": "^1.0.10",
        "@cssfn/react-cssfn": "^1.0.11",
        "@nodestrap/accessibilities": "^4.0.4",
        "@nodestrap/basic": "^4.0.7",
        "@nodestrap/element": "^4.0.7",
        "@types/react": "^17.0.38",
        "react": "^17.0.2",
        "react-trigger-change": "^1.0.2"
      }
    },
    "node_modules/@nodestrap/popup": {
      "version": "4.0.8",
      "resolved": "https://registry.npmjs.org/@nodestrap/popup/-/popup-4.0.8.tgz",
      "integrity": "sha512-cuZGFrMfV5VPgkP5EkkLdgE2V55uUlzn2liu1qw+Vj5/XvME7/sbote6qrdWv5OJFhh69iqfZ6+ls4VxqYDagQ==",
      "dependencies": {
        "@cssfn/css-config": "^1.0.4",
        "@cssfn/css-types": "^1.0.4",
        "@cssfn/cssfn": "^1.0.12",
        "@cssfn/react-cssfn": "^1.0.11",
        "@floating-ui/dom": "^0.3.1",
        "@nodestrap/basic": "^4.0.7",
        "@nodestrap/hooks": "^4.0.1",
        "@nodestrap/indicator": "^4.0.7",
        "@types/react": "^17.0.39",
        "react": "^17.0.2"
      }
    },
    "node_modules/@nodestrap/spacers": {
      "version": "4.0.2",
      "resolved": "https://registry.npmjs.org/@nodestrap/spacers/-/spacers-4.0.2.tgz",
      "integrity": "sha512-CAcdcCdEx//QT8lOpNxB/sK2+jq3hmfmChSN6r7ct7Pfq7KoRcx/4nMXxIdcXcSzgVQkbiPEVMzXdO39UJtSQQ==",
      "dependencies": {
        "@cssfn/css-config": "^1.0.4",
        "@cssfn/css-types": "^1.0.4"
      }
    },
    "node_modules/@nodestrap/typos": {
      "version": "4.0.6",
      "resolved": "https://registry.npmjs.org/@nodestrap/typos/-/typos-4.0.6.tgz",
      "integrity": "sha512-HTYfs+yCAUKNZKdq52jnouEn00UBKw8erba46GVt4JwIUQeGdxuARW6cJUXc1JOeF43IKZBKSo5F47641KnMmA==",
      "dependencies": {
        "@cssfn/css-config": "^1.0.4",
        "@cssfn/css-types": "^1.0.4",
        "@cssfn/cssfn": "^1.0.12",
        "@cssfn/types": "^1.0.4",
        "@nodestrap/borders": "^4.0.3",
        "@nodestrap/colors": "^4.0.4",
        "@nodestrap/spacers": "^4.0.2"
      }
    },
    "node_modules/@nodestrap/utilities": {
      "version": "4.0.3",
      "resolved": "https://registry.npmjs.org/@nodestrap/utilities/-/utilities-4.0.3.tgz",
      "integrity": "sha512-hK+B25iZ1nYW2lp1xIFKtcQI+6b9G2rJsufxiIIqMLf1lsUMDxl/1UQCjK+O0rK84C42E+/vGA1p5OltTOG6Xg==",
      "dependencies": {
        "@types/react": "^17.0.38",
        "react": "^17.0.2"
      }
    },
    "node_modules/@types/color": {
      "version": "3.0.3",
      "resolved": "https://registry.npmjs.org/@types/color/-/color-3.0.3.tgz",
      "integrity": "sha512-X//qzJ3d3Zj82J9sC/C18ZY5f43utPbAJ6PhYt/M7uG6etcF6MRpKdN880KBy43B0BMzSfeT96MzrsNjFI3GbA==",
      "dependencies": {
        "@types/color-convert": "*"
      }
    },
    "node_modules/@types/color-convert": {
      "version": "2.0.0",
      "resolved": "https://registry.npmjs.org/@types/color-convert/-/color-convert-2.0.0.tgz",
      "integrity": "sha512-m7GG7IKKGuJUXvkZ1qqG3ChccdIM/qBBo913z+Xft0nKCX4hAU/IxKwZBU4cpRZ7GS5kV4vOblUkILtSShCPXQ==",
      "dependencies": {
        "@types/color-name": "*"
      }
    },
    "node_modules/@types/color-name": {
      "version": "1.1.1",
      "resolved": "https://registry.npmjs.org/@types/color-name/-/color-name-1.1.1.tgz",
      "integrity": "sha512-rr+OQyAjxze7GgWrSaJwydHStIhHq2lvY3BOC2Mj7KnzI7XK0Uw1TOOdI9lDoajEbSWLiYgoo4f1R51erQfhPQ=="
    },
    "node_modules/@types/hyphenate-style-name": {
      "version": "1.0.0",
      "resolved": "https://registry.npmjs.org/@types/hyphenate-style-name/-/hyphenate-style-name-1.0.0.tgz",
      "integrity": "sha512-sjO5w5XZTF2zKepC9ZOv8e0K6n5JVuCjhD/9WRxsDTJTX7Oz3APlN5Arsio8cFj/zrHBqv8jIKBuUOVIr9ckUQ=="
    },
    "node_modules/@types/prop-types": {
      "version": "15.7.4",
      "resolved": "https://registry.npmjs.org/@types/prop-types/-/prop-types-15.7.4.tgz",
      "integrity": "sha512-rZ5drC/jWjrArrS8BR6SIr4cWpW09RNTYt9AMZo3Jwwif+iacXAqgVjm0B0Bv/S1jhDXKHqRVNCbACkJ89RAnQ=="
    },
    "node_modules/@types/react": {
      "version": "17.0.39",
      "resolved": "https://registry.npmjs.org/@types/react/-/react-17.0.39.tgz",
      "integrity": "sha512-UVavlfAxDd/AgAacMa60Azl7ygyQNRwC/DsHZmKgNvPmRR5p70AJ5Q9EAmL2NWOJmeV+vVUI4IAP7GZrN8h8Ug==",
      "dependencies": {
        "@types/prop-types": "*",
        "@types/scheduler": "*",
        "csstype": "^3.0.2"
      }
    },
    "node_modules/@types/scheduler": {
      "version": "0.16.2",
      "resolved": "https://registry.npmjs.org/@types/scheduler/-/scheduler-0.16.2.tgz",
      "integrity": "sha512-hppQEBDmlwhFAXKJX2KnWLYu5yMfi91yazPb2l+lbJiwW+wdo1gNeRA+3RgNSO39WYX2euey41KEwnqesU2Jew=="
    },
    "node_modules/camel-case": {
      "version": "4.1.2",
      "resolved": "https://registry.npmjs.org/camel-case/-/camel-case-4.1.2.tgz",
      "integrity": "sha512-gxGWBrTT1JuMx6R+o5PTXMmUnhnVzLQ9SNutD4YqKtI6ap897t3tKECYla6gCWEkplXnlNybEkZg9GEGxKFCgw==",
      "dependencies": {
        "pascal-case": "^3.1.2",
        "tslib": "^2.0.3"
      }
    },
    "node_modules/color": {
      "version": "4.2.1",
      "resolved": "https://registry.npmjs.org/color/-/color-4.2.1.tgz",
      "integrity": "sha512-MFJr0uY4RvTQUKvPq7dh9grVOTYSFeXja2mBXioCGjnjJoXrAp9jJ1NQTDR73c9nwBSAQiNKloKl5zq9WB9UPw==",
      "dependencies": {
        "color-convert": "^2.0.1",
        "color-string": "^1.9.0"
      },
      "engines": {
        "node": ">=12.5.0"
      }
    },
    "node_modules/color-convert": {
      "version": "2.0.1",
      "resolved": "https://registry.npmjs.org/color-convert/-/color-convert-2.0.1.tgz",
      "integrity": "sha512-RRECPsj7iu/xb5oKYcsFHSppFNnsj/52OVTRKb4zP5onXwVF3zVmmToNcOfGC+CRDpfK/U584fMg38ZHCaElKQ==",
      "dependencies": {
        "color-name": "~1.1.4"
      },
      "engines": {
        "node": ">=7.0.0"
      }
    },
    "node_modules/color-name": {
      "version": "1.1.4",
      "resolved": "https://registry.npmjs.org/color-name/-/color-name-1.1.4.tgz",
      "integrity": "sha512-dOy+3AuW3a2wNbZHIuMZpTcgjGuLU/uBL/ubcZF9OXbDo8ff4O8yVp5Bf0efS8uEoYo5q4Fx7dY9OgQGXgAsQA=="
    },
    "node_modules/color-string": {
      "version": "1.9.0",
      "resolved": "https://registry.npmjs.org/color-string/-/color-string-1.9.0.tgz",
      "integrity": "sha512-9Mrz2AQLefkH1UvASKj6v6hj/7eWgjnT/cVsR8CumieLoT+g900exWeNogqtweI8dxloXN9BDQTYro1oWu/5CQ==",
      "dependencies": {
        "color-name": "^1.0.0",
        "simple-swizzle": "^0.2.2"
      }
    },
    "node_modules/css-vendor": {
      "version": "2.0.8",
      "resolved": "https://registry.npmjs.org/css-vendor/-/css-vendor-2.0.8.tgz",
      "integrity": "sha512-x9Aq0XTInxrkuFeHKbYC7zWY8ai7qJ04Kxd9MnvbC1uO5DagxoHQjm4JvG+vCdXOoFtCjbL2XSZfxmoYa9uQVQ==",
      "dependencies": {
        "@babel/runtime": "^7.8.3",
        "is-in-browser": "^1.0.2"
      }
    },
    "node_modules/css-vendor/node_modules/is-in-browser": {
      "version": "1.1.3",
      "resolved": "https://registry.npmjs.org/is-in-browser/-/is-in-browser-1.1.3.tgz",
      "integrity": "sha1-Vv9NtoOgeMYILrldrX3GLh0E+DU="
    },
    "node_modules/csstype": {
      "version": "3.0.11",
      "resolved": "https://registry.npmjs.org/csstype/-/csstype-3.0.11.tgz",
      "integrity": "sha512-sa6P2wJ+CAbgyy4KFssIb/JNMLxFvKF1pCYCSXS8ZMuqZnMsrxqI2E5sPyoTpxoPU/gVZMzr2zjOfg8GIZOMsw=="
    },
    "node_modules/hyphenate-style-name": {
      "version": "1.0.4",
      "resolved": "https://registry.npmjs.org/hyphenate-style-name/-/hyphenate-style-name-1.0.4.tgz",
      "integrity": "sha512-ygGZLjmXfPHj+ZWh6LwbC37l43MhfztxetbFCoYTM2VjkIUpeHgSNn7QIyVFj7YQ1Wl9Cbw5sholVJPzWvC2MQ=="
    },
    "node_modules/is-arrayish": {
      "version": "0.3.2",
      "resolved": "https://registry.npmjs.org/is-arrayish/-/is-arrayish-0.3.2.tgz",
      "integrity": "sha512-eVRqCvVlZbuw3GrM63ovNSNAeA1K16kaR/LRY/92w0zxQ5/1YzwblUX652i4Xs9RwAGjW9d9y6X88t8OaAJfWQ=="
    },
    "node_modules/is-in-browser": {
      "version": "2.0.0",
      "resolved": "https://registry.npmjs.org/is-in-browser/-/is-in-browser-2.0.0.tgz",
      "integrity": "sha512-/NUv5pqj+krUJalhGpj0lyy+x7vrD9jt1PlAfkoIDEXqE+xZgFJ4FU8e9m99WuHbCqsBZVf+nzvAjNso+SO80A=="
    },
    "node_modules/js-tokens": {
      "version": "4.0.0",
      "resolved": "https://registry.npmjs.org/js-tokens/-/js-tokens-4.0.0.tgz",
      "integrity": "sha512-RdJUflcE3cUzKiMqQgsCu06FPu9UdIJO0beYbPhHN4k6apgJtifcoCtT9bcxOpYBtpD2kCM6Sbzg4CausW/PKQ=="
    },
    "node_modules/jss": {
      "version": "10.9.0",
      "resolved": "https://registry.npmjs.org/jss/-/jss-10.9.0.tgz",
      "integrity": "sha512-YpzpreB6kUunQBbrlArlsMpXYyndt9JATbt95tajx0t4MTJJcCJdd4hdNpHmOIDiUJrF/oX5wtVFrS3uofWfGw==",
      "dependencies": {
        "@babel/runtime": "^7.3.1",
        "csstype": "^3.0.2",
        "is-in-browser": "^1.1.3",
        "tiny-warning": "^1.0.2"
      },
      "funding": {
        "type": "opencollective",
        "url": "https://opencollective.com/jss"
      }
    },
    "node_modules/jss/node_modules/is-in-browser": {
      "version": "1.1.3",
      "resolved": "https://registry.npmjs.org/is-in-browser/-/is-in-browser-1.1.3.tgz",
      "integrity": "sha1-Vv9NtoOgeMYILrldrX3GLh0E+DU="
    },
    "node_modules/loose-envify": {
      "version": "1.4.0",
      "resolved": "https://registry.npmjs.org/loose-envify/-/loose-envify-1.4.0.tgz",
      "integrity": "sha512-lyuxPGr/Wfhrlem2CL/UcnUc1zcqKAImBDzukY7Y5F/yQiNdko6+fRLevlw1HgMySw7f611UIY408EtxRSoK3Q==",
      "dependencies": {
        "js-tokens": "^3.0.0 || ^4.0.0"
      },
      "bin": {
        "loose-envify": "cli.js"
      }
    },
    "node_modules/lower-case": {
      "version": "2.0.2",
      "resolved": "https://registry.npmjs.org/lower-case/-/lower-case-2.0.2.tgz",
      "integrity": "sha512-7fm3l3NAF9WfN6W3JOmf5drwpVqX78JtoGJ3A6W0a6ZnldM41w2fV5D490psKFTpMds8TJse/eHLFFsNHHjHgg==",
      "dependencies": {
        "tslib": "^2.0.3"
      }
    },
    "node_modules/no-case": {
      "version": "3.0.4",
      "resolved": "https://registry.npmjs.org/no-case/-/no-case-3.0.4.tgz",
      "integrity": "sha512-fgAN3jGAh+RoxUGZHTSOLJIqUc2wmoBwGR4tbpNAKmmovFoWq0OdRkb0VkldReO2a2iBT/OEulG9XSUc10r3zg==",
      "dependencies": {
        "lower-case": "^2.0.2",
        "tslib": "^2.0.3"
      }
    },
    "node_modules/object-assign": {
      "version": "4.1.1",
      "resolved": "https://registry.npmjs.org/object-assign/-/object-assign-4.1.1.tgz",
      "integrity": "sha1-IQmtx5ZYh8/AXLvUQsrIv7s2CGM=",
      "engines": {
        "node": ">=0.10.0"
      }
    },
    "node_modules/pascal-case": {
      "version": "3.1.2",
      "resolved": "https://registry.npmjs.org/pascal-case/-/pascal-case-3.1.2.tgz",
      "integrity": "sha512-uWlGT3YSnK9x3BQJaOdcZwrnV6hPpd8jFH1/ucpiLRPh/2zCVJKS19E4GvYHvaCcACn3foXZ0cLB9Wrx1KGe5g==",
      "dependencies": {
        "no-case": "^3.0.4",
        "tslib": "^2.0.3"
      }
    },
    "node_modules/react": {
      "version": "17.0.2",
      "resolved": "https://registry.npmjs.org/react/-/react-17.0.2.tgz",
      "integrity": "sha512-gnhPt75i/dq/z3/6q/0asP78D0u592D5L1pd7M8P+dck6Fu/jJeL6iVVK23fptSUZj8Vjf++7wXA8UNclGQcbA==",
      "dependencies": {
        "loose-envify": "^1.1.0",
        "object-assign": "^4.1.1"
      },
      "engines": {
        "node": ">=0.10.0"
      }
    },
    "node_modules/react-trigger-change": {
      "version": "1.0.2",
      "resolved": "https://registry.npmjs.org/react-trigger-change/-/react-trigger-change-1.0.2.tgz",
      "integrity": "sha1-r1czmOzvJHU2K4T4wIwH/qI5FMM="
    },
    "node_modules/regenerator-runtime": {
      "version": "0.13.9",
      "resolved": "https://registry.npmjs.org/regenerator-runtime/-/regenerator-runtime-0.13.9.tgz",
      "integrity": "sha512-p3VT+cOEgxFsRRA9X4lkI1E+k2/CtnKtU4gcxyaCUreilL/vqI6CdZ3wxVUx3UOUg+gnUOQQcRI7BmSI656MYA=="
    },
    "node_modules/simple-swizzle": {
      "version": "0.2.2",
      "resolved": "https://registry.npmjs.org/simple-swizzle/-/simple-swizzle-0.2.2.tgz",
      "integrity": "sha1-pNprY1/8zMoz9w0Xy5JZLeleVXo=",
      "dependencies": {
        "is-arrayish": "^0.3.1"
      }
    },
    "node_modules/tiny-warning": {
      "version": "1.0.3",
      "resolved": "https://registry.npmjs.org/tiny-warning/-/tiny-warning-1.0.3.tgz",
      "integrity": "sha512-lBN9zLN/oAf68o3zNXYrdCt1kP8WsiGW8Oo2ka41b2IM5JL/S1CTyX1rW0mb/zSuJun0ZUrDxx4sqvYS2FWzPA=="
    },
    "node_modules/tslib": {
      "version": "2.3.1",
      "resolved": "https://registry.npmjs.org/tslib/-/tslib-2.3.1.tgz",
      "integrity": "sha512-77EbyPPpMz+FRFRuAFlWMtmgUWGe9UOG2Z25NqCwiIjRhOf5iKGuzSe5P2w1laq+FkRy4p+PCuVkJSGkzTEKVw=="
    }
  },
  "dependencies": {
    "@babel/runtime": {
      "version": "7.17.2",
      "resolved": "https://registry.npmjs.org/@babel/runtime/-/runtime-7.17.2.tgz",
      "integrity": "sha512-hzeyJyMA1YGdJTuWU0e/j4wKXrU4OMFvY2MSlaI9B7VQb0r5cxTE3EAIS2Q7Tn2RIcDkRvTA/v2JsAEhxe99uw==",
      "requires": {
        "regenerator-runtime": "^0.13.4"
      }
    },
    "@cssfn/css-config": {
      "version": "1.0.4",
      "resolved": "https://registry.npmjs.org/@cssfn/css-config/-/css-config-1.0.4.tgz",
      "integrity": "sha512-seSZmWPt3QXLdlY5kIxiIPmAH8AgQVmlSOV15EFzR4XKiqbMK1CU3zFUDkBMa74XmN8U0Ag5EyvEzo2RhsBKzQ==",
      "requires": {
        "@cssfn/css-types": "^1.0.4",
        "@cssfn/cssfn": "^1.0.9",
        "@cssfn/types": "^1.0.4",
        "camel-case": "^4.1.2",
        "pascal-case": "^3.1.2"
      }
    },
    "@cssfn/css-selector": {
      "version": "1.0.5",
      "resolved": "https://registry.npmjs.org/@cssfn/css-selector/-/css-selector-1.0.5.tgz",
      "integrity": "sha512-qoFw7xuHZyKgXMsCkPVoGwFjmRrWV3p3uUVE3J2y7/SIEPmPzTw5eVrOLKvBPI0A2GR8gGXSyVyWTa5iGGUHCA==",
      "requires": {
        "@cssfn/types": "^1.0.4"
      }
    },
    "@cssfn/css-types": {
      "version": "1.0.4",
      "resolved": "https://registry.npmjs.org/@cssfn/css-types/-/css-types-1.0.4.tgz",
      "integrity": "sha512-AXmZ7ExutE77ldxGzmu3HtiPoMezZc263WLh9GZ9ON8b9q+Qag0118G1ZommPz/JrjegSuOXxkKzIP+JhdUV5w==",
      "requires": {
        "@cssfn/jss-plugin-extend": "^1.0.2",
        "@cssfn/types": "^1.0.4",
        "csstype": "^3.0.10"
      }
    },
    "@cssfn/css-var": {
      "version": "1.0.4",
      "resolved": "https://registry.npmjs.org/@cssfn/css-var/-/css-var-1.0.4.tgz",
      "integrity": "sha512-I4YzE7yvIXcBU/gm0KIPeEZXdBcScQwDdU+hZ3Y+w6SvdxU7EEZeLH6rADCEzuxqd4JnkHVU0Y9LAyTMFoD+hQ==",
      "requires": {
        "@cssfn/css-types": "^1.0.4",
        "@cssfn/types": "^1.0.4"
      }
    },
    "@cssfn/cssfn": {
      "version": "1.0.12",
      "resolved": "https://registry.npmjs.org/@cssfn/cssfn/-/cssfn-1.0.12.tgz",
      "integrity": "sha512-V7OSRnAJeWmudE3PsO86pl9Y9NsPUfwbOufIjCk9iBN+4oS0WwqTIhoMl4+KMbFbcnpCIWLjTPqAUnDzbPpQwQ==",
      "requires": {
        "@cssfn/css-selector": "^1.0.5",
        "@cssfn/css-types": "^1.0.4",
        "@cssfn/jss-plugin-camel-case": "^1.0.1",
        "@cssfn/jss-plugin-nested": "^1.0.2",
        "@cssfn/jss-plugin-short": "^1.0.3",
        "@cssfn/jss-plugin-vendor": "^1.0.1",
        "@cssfn/types": "^1.0.4",
        "camel-case": "^4.1.2",
        "csstype": "^3.0.10",
        "jss": "^10.9.0",
        "pascal-case": "^3.1.2",
        "tiny-warning": "^1.0.3"
      }
    },
    "@cssfn/jss-plugin-camel-case": {
      "version": "1.0.1",
      "resolved": "https://registry.npmjs.org/@cssfn/jss-plugin-camel-case/-/jss-plugin-camel-case-1.0.1.tgz",
      "integrity": "sha512-qfOHgf7xmvOl4JJuoRV56d/n6crsJlC6Og+3AhJzm9TjM/81La7t/kEbDhTZFm4dMCUmmIQl7cbTzki59d87vw==",
      "requires": {
        "@types/hyphenate-style-name": "^1.0.0",
        "hyphenate-style-name": "^1.0.4",
        "jss": "^10.9.0"
      }
    },
    "@cssfn/jss-plugin-extend": {
      "version": "1.0.2",
      "resolved": "https://registry.npmjs.org/@cssfn/jss-plugin-extend/-/jss-plugin-extend-1.0.2.tgz",
      "integrity": "sha512-3NQYB0DIuKne8MD8y7U/C6+UYW8gN3kyVVK8+RxEpgI+QY2P4MrF0OZ9h9ZNCu/O4gAH6kzRUqHvxpO+WqjvFA==",
      "requires": {
        "@cssfn/types": "^1.0.4",
        "jss": "^10.9.0",
        "tiny-warning": "^1.0.3"
      }
    },
    "@cssfn/jss-plugin-nested": {
      "version": "1.0.2",
      "resolved": "https://registry.npmjs.org/@cssfn/jss-plugin-nested/-/jss-plugin-nested-1.0.2.tgz",
      "integrity": "sha512-ALhx0xZBz1qWqeMu+c2r+E5Np134FjoxmBUfITmskCiADGs7vrrJrk87nKU6pNY7+Qkx1mjtJuEjDFfpSDNCRA==",
      "requires": {
        "@cssfn/css-selector": "^1.0.4",
        "@cssfn/types": "^1.0.4",
        "jss": "^10.9.0"
      }
    },
    "@cssfn/jss-plugin-short": {
      "version": "1.0.3",
      "resolved": "https://registry.npmjs.org/@cssfn/jss-plugin-short/-/jss-plugin-short-1.0.3.tgz",
      "integrity": "sha512-vRznFPqzJ6WdP+swWtO5h1KlFZQvlJosu2lOE7xorh9GmpiAgRgP6lDQbDao2/6C76lBpGT1GiHVzz08wscIlg==",
      "requires": {
        "jss": "^10.9.0"
      }
    },
    "@cssfn/jss-plugin-vendor": {
      "version": "1.0.1",
      "resolved": "https://registry.npmjs.org/@cssfn/jss-plugin-vendor/-/jss-plugin-vendor-1.0.1.tgz",
      "integrity": "sha512-Xrk0M2fqDkEUvDiAx9DgSa/RTSiG3zzqTt3AI6lnqG+a+DKNcs360vQTo6i4NJR8ZHn0vM7vgTnMgktP1m1tNQ==",
      "requires": {
        "css-vendor": "^2.0.8",
        "jss": "^10.9.0"
      }
    },
    "@cssfn/react-cssfn": {
      "version": "1.0.11",
      "resolved": "https://registry.npmjs.org/@cssfn/react-cssfn/-/react-cssfn-1.0.11.tgz",
      "integrity": "sha512-URdAWXuukF9Fx96ssOWsVgVVlQqvig9JcKDplWFnMkmCXJo8xCUdkBJO7qoI6vOXTXVRuhzyiVKVuNbHRX5PXQ==",
      "requires": {
        "@cssfn/cssfn": "^1.0.9",
        "@cssfn/types": "^1.0.4",
        "@types/react": "^17.0.38",
        "is-in-browser": "^2.0.0",
        "jss": "^10.9.0",
        "react": "^17.0.2"
      }
    },
    "@cssfn/types": {
      "version": "1.0.4",
      "resolved": "https://registry.npmjs.org/@cssfn/types/-/types-1.0.4.tgz",
      "integrity": "sha512-OmzjloYEEbYJ4cfkpJ/P+5l4LHEq8hbb8Xwv58l60uigURkQxRAzgjZzBwuoOpq7wvKp4xfRGe+vs4WD66cd0Q=="
    },
    "@floating-ui/core": {
      "version": "0.5.1",
      "resolved": "https://registry.npmjs.org/@floating-ui/core/-/core-0.5.1.tgz",
      "integrity": "sha512-LOFg65vdU4o4eZjVKNhu7VXbjdnY0amMw9sydLtKZiCNwj0eMD06rmktbWp9L/f6w6s9Qqe22lkks8PbwYwy4Q=="
    },
    "@floating-ui/dom": {
      "version": "0.3.1",
      "resolved": "https://registry.npmjs.org/@floating-ui/dom/-/dom-0.3.1.tgz",
      "integrity": "sha512-HJX/2xgGPt01YHQNAya2taqg5HDnY6ipF0B0Bk/Th2s4FD9R89Ecw3TEegLLO+VrQnPEGbuHOGJ6Fr3BPM0DYg==",
      "requires": {
        "@floating-ui/core": "^0.5.0"
      }
    },
    "@nodestrap/accessibilities": {
      "version": "4.0.4",
      "resolved": "https://registry.npmjs.org/@nodestrap/accessibilities/-/accessibilities-4.0.4.tgz",
      "integrity": "sha512-7pGv2Q79Ccx1fK+iLkOOmkdVERtVG7i1QtLa/PV/znyTXOtp6dQs2DJybeRMAYb1A+5/tUQGNCFas7dBvlbSmA==",
      "requires": {
        "@types/react": "^17.0.38",
        "react": "^17.0.2"
      }
    },
    "@nodestrap/basic": {
      "version": "4.0.7",
      "resolved": "https://registry.npmjs.org/@nodestrap/basic/-/basic-4.0.7.tgz",
      "integrity": "sha512-mWaNUG/3ivdQ1wb1olLJ7m3/LLPTtaMvaBE7c2Xn2wr+x7PMoKml7Sm63STcQDoZ85P0Y7H2ewmO7yurxn1sTQ==",
      "requires": {
        "@cssfn/css-config": "^1.0.4",
        "@cssfn/css-types": "^1.0.4",
        "@cssfn/css-var": "^1.0.4",
        "@cssfn/cssfn": "^1.0.10",
        "@cssfn/react-cssfn": "^1.0.11",
        "@cssfn/types": "^1.0.4",
        "@nodestrap/borders": "^4.0.3",
        "@nodestrap/colors": "^4.0.4",
        "@nodestrap/element": "^4.0.7",
        "@nodestrap/spacers": "^4.0.2",
        "@nodestrap/typos": "^4.0.4",
        "@types/react": "^17.0.38",
        "react": "^17.0.2"
      }
    },
    "@nodestrap/borders": {
      "version": "4.0.3",
      "resolved": "https://registry.npmjs.org/@nodestrap/borders/-/borders-4.0.3.tgz",
      "integrity": "sha512-mjKKiBIy9HwEkYp+6haishAFc1dnO5ipZWdcDF+jCJao7Abm/VZfBX2FKpNAnvZ0mYn5tRFG9pVaNQqR/7qEvw==",
      "requires": {
        "@cssfn/css-config": "^1.0.4",
        "@cssfn/css-types": "^1.0.4"
      }
    },
    "@nodestrap/colors": {
      "version": "4.0.4",
      "resolved": "https://registry.npmjs.org/@nodestrap/colors/-/colors-4.0.4.tgz",
      "integrity": "sha512-lSRJyc+iCBKHTP8rBtM1H5Zv+g9FbretC0F180evpnQkkE1a5ykvFxVPbp/N3RwNE8ViRVtto/Ko35kF37KVUw==",
      "requires": {
        "@cssfn/css-config": "^1.0.4",
        "@cssfn/css-types": "^1.0.4",
        "@cssfn/types": "^1.0.4",
        "@types/color": "^3.0.2",
        "color": "^4.2.0"
      }
    },
    "@nodestrap/element": {
      "version": "4.0.7",
      "resolved": "https://registry.npmjs.org/@nodestrap/element/-/element-4.0.7.tgz",
      "integrity": "sha512-jGSRJ+4kZ8J+gBedG/FGfZnyoDnCjAFE0iQv9DOHPfpg12oRK7R1mlGQ4BmlJKQGhtt47+1i+903srnNvSOxCA==",
      "requires": {
        "@cssfn/types": "^1.0.4",
        "@nodestrap/utilities": "^4.0.3",
        "@types/react": "^17.0.38",
        "react": "^17.0.2"
      }
    },
    "@nodestrap/hooks": {
      "version": "4.0.1",
      "resolved": "https://registry.npmjs.org/@nodestrap/hooks/-/hooks-4.0.1.tgz",
      "integrity": "sha512-zzj0RXs6Ximnib2DfhNdg8+JYCCmFUIvUbnvRcyX2iG6FjQRLf0nCGcLkp6IRbWeK3xgQivxNexpVfwd1dBOkQ==",
      "requires": {
        "@types/react": "^17.0.38",
        "is-in-browser": "^2.0.0",
        "react": "^17.0.2"
      }
    },
    "@nodestrap/indicator": {
      "version": "4.0.7",
      "resolved": "https://registry.npmjs.org/@nodestrap/indicator/-/indicator-4.0.7.tgz",
      "integrity": "sha512-AJLFQU2HV8wc5MQJJOkaDlH5faZpUu6Pz1ZqjKPzUywds+zwfm8Fay7OM25m8uan2Vu1AvBxjelWs8c7A+gwhQ==",
      "requires": {
        "@cssfn/css-config": "^1.0.4",
        "@cssfn/css-types": "^1.0.4",
        "@cssfn/css-var": "^1.0.4",
        "@cssfn/cssfn": "^1.0.10",
        "@cssfn/react-cssfn": "^1.0.11",
        "@nodestrap/accessibilities": "^4.0.4",
        "@nodestrap/basic": "^4.0.7",
        "@nodestrap/element": "^4.0.7",
        "@types/react": "^17.0.38",
        "react": "^17.0.2",
        "react-trigger-change": "^1.0.2"
      }
    },
    "@nodestrap/popup": {
      "version": "4.0.8",
      "resolved": "https://registry.npmjs.org/@nodestrap/popup/-/popup-4.0.8.tgz",
      "integrity": "sha512-cuZGFrMfV5VPgkP5EkkLdgE2V55uUlzn2liu1qw+Vj5/XvME7/sbote6qrdWv5OJFhh69iqfZ6+ls4VxqYDagQ==",
      "requires": {
        "@cssfn/css-config": "^1.0.4",
        "@cssfn/css-types": "^1.0.4",
        "@cssfn/cssfn": "^1.0.12",
        "@cssfn/react-cssfn": "^1.0.11",
        "@floating-ui/dom": "^0.3.1",
        "@nodestrap/basic": "^4.0.7",
        "@nodestrap/hooks": "^4.0.1",
        "@nodestrap/indicator": "^4.0.7",
        "@types/react": "^17.0.39",
        "react": "^17.0.2"
      }
    },
    "@nodestrap/spacers": {
      "version": "4.0.2",
      "resolved": "https://registry.npmjs.org/@nodestrap/spacers/-/spacers-4.0.2.tgz",
      "integrity": "sha512-CAcdcCdEx//QT8lOpNxB/sK2+jq3hmfmChSN6r7ct7Pfq7KoRcx/4nMXxIdcXcSzgVQkbiPEVMzXdO39UJtSQQ==",
      "requires": {
        "@cssfn/css-config": "^1.0.4",
        "@cssfn/css-types": "^1.0.4"
      }
    },
    "@nodestrap/typos": {
      "version": "4.0.6",
      "resolved": "https://registry.npmjs.org/@nodestrap/typos/-/typos-4.0.6.tgz",
      "integrity": "sha512-HTYfs+yCAUKNZKdq52jnouEn00UBKw8erba46GVt4JwIUQeGdxuARW6cJUXc1JOeF43IKZBKSo5F47641KnMmA==",
      "requires": {
        "@cssfn/css-config": "^1.0.4",
        "@cssfn/css-types": "^1.0.4",
        "@cssfn/cssfn": "^1.0.12",
        "@cssfn/types": "^1.0.4",
        "@nodestrap/borders": "^4.0.3",
        "@nodestrap/colors": "^4.0.4",
        "@nodestrap/spacers": "^4.0.2"
      }
    },
    "@nodestrap/utilities": {
      "version": "4.0.3",
      "resolved": "https://registry.npmjs.org/@nodestrap/utilities/-/utilities-4.0.3.tgz",
      "integrity": "sha512-hK+B25iZ1nYW2lp1xIFKtcQI+6b9G2rJsufxiIIqMLf1lsUMDxl/1UQCjK+O0rK84C42E+/vGA1p5OltTOG6Xg==",
      "requires": {
        "@types/react": "^17.0.38",
        "react": "^17.0.2"
      }
    },
    "@types/color": {
      "version": "3.0.3",
      "resolved": "https://registry.npmjs.org/@types/color/-/color-3.0.3.tgz",
      "integrity": "sha512-X//qzJ3d3Zj82J9sC/C18ZY5f43utPbAJ6PhYt/M7uG6etcF6MRpKdN880KBy43B0BMzSfeT96MzrsNjFI3GbA==",
      "requires": {
        "@types/color-convert": "*"
      }
    },
    "@types/color-convert": {
      "version": "2.0.0",
      "resolved": "https://registry.npmjs.org/@types/color-convert/-/color-convert-2.0.0.tgz",
      "integrity": "sha512-m7GG7IKKGuJUXvkZ1qqG3ChccdIM/qBBo913z+Xft0nKCX4hAU/IxKwZBU4cpRZ7GS5kV4vOblUkILtSShCPXQ==",
      "requires": {
        "@types/color-name": "*"
      }
    },
    "@types/color-name": {
      "version": "1.1.1",
      "resolved": "https://registry.npmjs.org/@types/color-name/-/color-name-1.1.1.tgz",
      "integrity": "sha512-rr+OQyAjxze7GgWrSaJwydHStIhHq2lvY3BOC2Mj7KnzI7XK0Uw1TOOdI9lDoajEbSWLiYgoo4f1R51erQfhPQ=="
    },
    "@types/hyphenate-style-name": {
      "version": "1.0.0",
      "resolved": "https://registry.npmjs.org/@types/hyphenate-style-name/-/hyphenate-style-name-1.0.0.tgz",
      "integrity": "sha512-sjO5w5XZTF2zKepC9ZOv8e0K6n5JVuCjhD/9WRxsDTJTX7Oz3APlN5Arsio8cFj/zrHBqv8jIKBuUOVIr9ckUQ=="
    },
    "@types/prop-types": {
      "version": "15.7.4",
      "resolved": "https://registry.npmjs.org/@types/prop-types/-/prop-types-15.7.4.tgz",
      "integrity": "sha512-rZ5drC/jWjrArrS8BR6SIr4cWpW09RNTYt9AMZo3Jwwif+iacXAqgVjm0B0Bv/S1jhDXKHqRVNCbACkJ89RAnQ=="
    },
    "@types/react": {
      "version": "17.0.39",
      "resolved": "https://registry.npmjs.org/@types/react/-/react-17.0.39.tgz",
      "integrity": "sha512-UVavlfAxDd/AgAacMa60Azl7ygyQNRwC/DsHZmKgNvPmRR5p70AJ5Q9EAmL2NWOJmeV+vVUI4IAP7GZrN8h8Ug==",
      "requires": {
        "@types/prop-types": "*",
        "@types/scheduler": "*",
        "csstype": "^3.0.2"
      }
    },
    "@types/scheduler": {
      "version": "0.16.2",
      "resolved": "https://registry.npmjs.org/@types/scheduler/-/scheduler-0.16.2.tgz",
      "integrity": "sha512-hppQEBDmlwhFAXKJX2KnWLYu5yMfi91yazPb2l+lbJiwW+wdo1gNeRA+3RgNSO39WYX2euey41KEwnqesU2Jew=="
    },
    "camel-case": {
      "version": "4.1.2",
      "resolved": "https://registry.npmjs.org/camel-case/-/camel-case-4.1.2.tgz",
      "integrity": "sha512-gxGWBrTT1JuMx6R+o5PTXMmUnhnVzLQ9SNutD4YqKtI6ap897t3tKECYla6gCWEkplXnlNybEkZg9GEGxKFCgw==",
      "requires": {
        "pascal-case": "^3.1.2",
        "tslib": "^2.0.3"
      }
    },
    "color": {
      "version": "4.2.1",
      "resolved": "https://registry.npmjs.org/color/-/color-4.2.1.tgz",
      "integrity": "sha512-MFJr0uY4RvTQUKvPq7dh9grVOTYSFeXja2mBXioCGjnjJoXrAp9jJ1NQTDR73c9nwBSAQiNKloKl5zq9WB9UPw==",
      "requires": {
        "color-convert": "^2.0.1",
        "color-string": "^1.9.0"
      }
    },
    "color-convert": {
      "version": "2.0.1",
      "resolved": "https://registry.npmjs.org/color-convert/-/color-convert-2.0.1.tgz",
      "integrity": "sha512-RRECPsj7iu/xb5oKYcsFHSppFNnsj/52OVTRKb4zP5onXwVF3zVmmToNcOfGC+CRDpfK/U584fMg38ZHCaElKQ==",
      "requires": {
        "color-name": "~1.1.4"
      }
    },
    "color-name": {
      "version": "1.1.4",
      "resolved": "https://registry.npmjs.org/color-name/-/color-name-1.1.4.tgz",
      "integrity": "sha512-dOy+3AuW3a2wNbZHIuMZpTcgjGuLU/uBL/ubcZF9OXbDo8ff4O8yVp5Bf0efS8uEoYo5q4Fx7dY9OgQGXgAsQA=="
    },
    "color-string": {
      "version": "1.9.0",
      "resolved": "https://registry.npmjs.org/color-string/-/color-string-1.9.0.tgz",
      "integrity": "sha512-9Mrz2AQLefkH1UvASKj6v6hj/7eWgjnT/cVsR8CumieLoT+g900exWeNogqtweI8dxloXN9BDQTYro1oWu/5CQ==",
      "requires": {
        "color-name": "^1.0.0",
        "simple-swizzle": "^0.2.2"
      }
    },
    "css-vendor": {
      "version": "2.0.8",
      "resolved": "https://registry.npmjs.org/css-vendor/-/css-vendor-2.0.8.tgz",
      "integrity": "sha512-x9Aq0XTInxrkuFeHKbYC7zWY8ai7qJ04Kxd9MnvbC1uO5DagxoHQjm4JvG+vCdXOoFtCjbL2XSZfxmoYa9uQVQ==",
      "requires": {
        "@babel/runtime": "^7.8.3",
        "is-in-browser": "^1.0.2"
      },
      "dependencies": {
        "is-in-browser": {
          "version": "1.1.3",
          "resolved": "https://registry.npmjs.org/is-in-browser/-/is-in-browser-1.1.3.tgz",
          "integrity": "sha1-Vv9NtoOgeMYILrldrX3GLh0E+DU="
        }
      }
    },
    "csstype": {
      "version": "3.0.11",
      "resolved": "https://registry.npmjs.org/csstype/-/csstype-3.0.11.tgz",
      "integrity": "sha512-sa6P2wJ+CAbgyy4KFssIb/JNMLxFvKF1pCYCSXS8ZMuqZnMsrxqI2E5sPyoTpxoPU/gVZMzr2zjOfg8GIZOMsw=="
    },
    "hyphenate-style-name": {
      "version": "1.0.4",
      "resolved": "https://registry.npmjs.org/hyphenate-style-name/-/hyphenate-style-name-1.0.4.tgz",
      "integrity": "sha512-ygGZLjmXfPHj+ZWh6LwbC37l43MhfztxetbFCoYTM2VjkIUpeHgSNn7QIyVFj7YQ1Wl9Cbw5sholVJPzWvC2MQ=="
    },
    "is-arrayish": {
      "version": "0.3.2",
      "resolved": "https://registry.npmjs.org/is-arrayish/-/is-arrayish-0.3.2.tgz",
      "integrity": "sha512-eVRqCvVlZbuw3GrM63ovNSNAeA1K16kaR/LRY/92w0zxQ5/1YzwblUX652i4Xs9RwAGjW9d9y6X88t8OaAJfWQ=="
    },
    "is-in-browser": {
      "version": "2.0.0",
      "resolved": "https://registry.npmjs.org/is-in-browser/-/is-in-browser-2.0.0.tgz",
      "integrity": "sha512-/NUv5pqj+krUJalhGpj0lyy+x7vrD9jt1PlAfkoIDEXqE+xZgFJ4FU8e9m99WuHbCqsBZVf+nzvAjNso+SO80A=="
    },
    "js-tokens": {
      "version": "4.0.0",
      "resolved": "https://registry.npmjs.org/js-tokens/-/js-tokens-4.0.0.tgz",
      "integrity": "sha512-RdJUflcE3cUzKiMqQgsCu06FPu9UdIJO0beYbPhHN4k6apgJtifcoCtT9bcxOpYBtpD2kCM6Sbzg4CausW/PKQ=="
    },
    "jss": {
      "version": "10.9.0",
      "resolved": "https://registry.npmjs.org/jss/-/jss-10.9.0.tgz",
      "integrity": "sha512-YpzpreB6kUunQBbrlArlsMpXYyndt9JATbt95tajx0t4MTJJcCJdd4hdNpHmOIDiUJrF/oX5wtVFrS3uofWfGw==",
      "requires": {
        "@babel/runtime": "^7.3.1",
        "csstype": "^3.0.2",
        "is-in-browser": "^1.1.3",
        "tiny-warning": "^1.0.2"
      },
      "dependencies": {
        "is-in-browser": {
          "version": "1.1.3",
          "resolved": "https://registry.npmjs.org/is-in-browser/-/is-in-browser-1.1.3.tgz",
          "integrity": "sha1-Vv9NtoOgeMYILrldrX3GLh0E+DU="
        }
      }
    },
    "loose-envify": {
      "version": "1.4.0",
      "resolved": "https://registry.npmjs.org/loose-envify/-/loose-envify-1.4.0.tgz",
      "integrity": "sha512-lyuxPGr/Wfhrlem2CL/UcnUc1zcqKAImBDzukY7Y5F/yQiNdko6+fRLevlw1HgMySw7f611UIY408EtxRSoK3Q==",
      "requires": {
        "js-tokens": "^3.0.0 || ^4.0.0"
      }
    },
    "lower-case": {
      "version": "2.0.2",
      "resolved": "https://registry.npmjs.org/lower-case/-/lower-case-2.0.2.tgz",
      "integrity": "sha512-7fm3l3NAF9WfN6W3JOmf5drwpVqX78JtoGJ3A6W0a6ZnldM41w2fV5D490psKFTpMds8TJse/eHLFFsNHHjHgg==",
      "requires": {
        "tslib": "^2.0.3"
      }
    },
    "no-case": {
      "version": "3.0.4",
      "resolved": "https://registry.npmjs.org/no-case/-/no-case-3.0.4.tgz",
      "integrity": "sha512-fgAN3jGAh+RoxUGZHTSOLJIqUc2wmoBwGR4tbpNAKmmovFoWq0OdRkb0VkldReO2a2iBT/OEulG9XSUc10r3zg==",
      "requires": {
        "lower-case": "^2.0.2",
        "tslib": "^2.0.3"
      }
    },
    "object-assign": {
      "version": "4.1.1",
      "resolved": "https://registry.npmjs.org/object-assign/-/object-assign-4.1.1.tgz",
      "integrity": "sha1-IQmtx5ZYh8/AXLvUQsrIv7s2CGM="
    },
    "pascal-case": {
      "version": "3.1.2",
      "resolved": "https://registry.npmjs.org/pascal-case/-/pascal-case-3.1.2.tgz",
      "integrity": "sha512-uWlGT3YSnK9x3BQJaOdcZwrnV6hPpd8jFH1/ucpiLRPh/2zCVJKS19E4GvYHvaCcACn3foXZ0cLB9Wrx1KGe5g==",
      "requires": {
        "no-case": "^3.0.4",
        "tslib": "^2.0.3"
      }
    },
    "react": {
      "version": "17.0.2",
      "resolved": "https://registry.npmjs.org/react/-/react-17.0.2.tgz",
      "integrity": "sha512-gnhPt75i/dq/z3/6q/0asP78D0u592D5L1pd7M8P+dck6Fu/jJeL6iVVK23fptSUZj8Vjf++7wXA8UNclGQcbA==",
      "requires": {
        "loose-envify": "^1.1.0",
        "object-assign": "^4.1.1"
      }
    },
    "react-trigger-change": {
      "version": "1.0.2",
      "resolved": "https://registry.npmjs.org/react-trigger-change/-/react-trigger-change-1.0.2.tgz",
      "integrity": "sha1-r1czmOzvJHU2K4T4wIwH/qI5FMM="
    },
    "regenerator-runtime": {
      "version": "0.13.9",
      "resolved": "https://registry.npmjs.org/regenerator-runtime/-/regenerator-runtime-0.13.9.tgz",
      "integrity": "sha512-p3VT+cOEgxFsRRA9X4lkI1E+k2/CtnKtU4gcxyaCUreilL/vqI6CdZ3wxVUx3UOUg+gnUOQQcRI7BmSI656MYA=="
    },
    "simple-swizzle": {
      "version": "0.2.2",
      "resolved": "https://registry.npmjs.org/simple-swizzle/-/simple-swizzle-0.2.2.tgz",
      "integrity": "sha1-pNprY1/8zMoz9w0Xy5JZLeleVXo=",
      "requires": {
        "is-arrayish": "^0.3.1"
      }
    },
    "tiny-warning": {
      "version": "1.0.3",
      "resolved": "https://registry.npmjs.org/tiny-warning/-/tiny-warning-1.0.3.tgz",
      "integrity": "sha512-lBN9zLN/oAf68o3zNXYrdCt1kP8WsiGW8Oo2ka41b2IM5JL/S1CTyX1rW0mb/zSuJun0ZUrDxx4sqvYS2FWzPA=="
    },
    "tslib": {
      "version": "2.3.1",
      "resolved": "https://registry.npmjs.org/tslib/-/tslib-2.3.1.tgz",
      "integrity": "sha512-77EbyPPpMz+FRFRuAFlWMtmgUWGe9UOG2Z25NqCwiIjRhOf5iKGuzSe5P2w1laq+FkRy4p+PCuVkJSGkzTEKVw=="
    }
  }
}
